
Microsoft Visual Studio Solution File, Format Version 12.00
# Visual Studio Version 17
VisualStudioVersion = 17.13.35825.156
MinimumVisualStudioVersion = 10.0.40219.1
Project("{8BC9CEB8-8B4A-11D0-8D11-00A0C91BC942}") = "Chess", "Chess.vcxproj", "{312D4E7C-565C-4CF5-8F7F-D4450BE2D49B}"
EndProject
Global
	GlobalSection(SolutionConfigurationPlatforms) = preSolution
		Debug|ARM = Debug|ARM
		Debug|x64 = Debug|x64
		Debug|x86 = Debug|x86
		Release|ARM = Release|ARM
		Release|x64 = Release|x64
		Release|x86 = Release|x86
	EndGlobalSection
	GlobalSection(ProjectConfigurationPlatforms) = postSolution
		{312D4E7C-565C-4CF5-8F7F-D4450BE2D49B}.Debug|ARM.ActiveCfg = Debug|ARM
		{312D4E7C-565C-4CF5-8F7F-D4450BE2D49B}.Debug|ARM.Build.0 = Debug|ARM
		{312D4E7C-565C-4CF5-8F7F-D4450BE2D49B}.Debug|x64.ActiveCfg = Debug|x64
		{312D4E7C-565C-4CF5-8F7F-D4450BE2D49B}.Debug|x64.Build.0 = Debug|x64
		{312D4E7C-565C-4CF5-8F7F-D4450BE2D49B}.Debug|x86.ActiveCfg = Debug|Win32
		{312D4E7C-565C-4CF5-8F7F-D4450BE2D49B}.Debug|x86.Build.0 = Debug|Win32
		{312D4E7C-565C-4CF5-8F7F-D4450BE2D49B}.Release|ARM.ActiveCfg = Release|x64
		{312D4E7C-565C-4CF5-8F7F-D4450BE2D49B}.Release|ARM.Build.0 = Release|x64
		{312D4E7C-565C-4CF5-8F7F-D4450BE2D49B}.Release|x64.ActiveCfg = Debug|x64
		{312D4E7C-565C-4CF5-8F7F-D4450BE2D49B}.Release|x64.Build.0 = Debug|x64
		{312D4E7C-565C-4CF5-8F7F-D4450BE2D49B}.Release|x86.ActiveCfg = Release|Win32
		{312D4E7C-565C-4CF5-8F7F-D4450BE2D49B}.Release|x86.Build.0 = Release|Win32
	EndGlobalSection
	GlobalSection(SolutionProperties) = preSolution
		HideSolutionNode = FALSE
	EndGlobalSection
	GlobalSection(ExtensibilityGlobals) = postSolution
		SolutionGuid = {813D32E5-81AF-4359-A7D3-862C06862DA6}
	EndGlobalSection
EndGlobal
